// !$*UTF8*$!
{
	archiveVersion = 1;
	classes = {
	};
	objectVersion = 77;
	objects = {

/* Begin PBXBuildFile section */
		6ACFE81230707FE3008F58E8 /* WidgetKit.framework in Frameworks */ = {isa = PBXBuildFile; fileRef = 6ACFE81130707FE3008F58E8 /* WidgetKit.framework */; };
		6ACFE81430707FE3008F58E8 /* SwiftUI.framework in Frameworks */ = {isa = PBXBuildFile; fileRef = 6ACFE81330707FE3008F58E8 /* SwiftUI.framework */; };
		6ACFE81F30707FE5008F58E8 /* GuldrWidgetExtension.appex in Embed Foundation Extensions */ = {isa = PBXBuildFile; fileRef = 6ACFE80F30707FE3008F58E8 /* GuldrWidgetExtension.appex */; settings = {ATTRIBUTES = (RemoveHeadersOnCopy, ); }; };
		6ACFE8EB3072E1D8008F58E8 /* GuldrCore in Frameworks */ = {isa = PBXBuildFile; productRef = 6ACFE8EA3072E1D8008F58E8 /* GuldrCore */; };
		6ACFE8ED3072E206008F58E8 /* GuldrCore in Frameworks */ = {isa = PBXBuildFile; productRef = 6ACFE8EC3072E206008F58E8 /* GuldrCore */; };
/* End PBXBuildFile section */

/* Begin PBXContainerItemProxy section */
		6AA4F851306CB56B00EAB927 /* PBXContainerItemProxy */ = {
			isa = PBXContainerItemProxy;
			containerPortal = 6AA4F83B306CB56A00EAB927 /* Project object */;
			proxyType = 1;
			remoteGlobalIDString = 6AA4F842306CB56A00EAB927;
			remoteInfo = Guldr;
		};
		6ACFE81D30707FE5008F58E8 /* PBXContainerItemProxy */ = {
			isa = PBXContainerItemProxy;
			containerPortal = 6AA4F83B306CB56A00EAB927 /* Project object */;
			proxyType = 1;
			remoteGlobalIDString = 6ACFE80E30707FE3008F58E8;
			remoteInfo = GuldrWidgetExtension;
		};
/* End PBXContainerItemProxy section */

/* Begin PBXCopyFilesBuildPhase section */
		6ACFE82430707FE5008F58E8 /* Embed Foundation Extensions */ = {
			isa = PBXCopyFilesBuildPhase;
			buildActionMask = 2147483647;
			dstPath = "";
			dstSubfolderSpec = 13;
			files = (
				6ACFE81F30707FE5008F58E8 /* GuldrWidgetExtension.appex in Embed Foundation Extensions */,
			);
			name = "Embed Foundation Extensions";
			runOnlyForDeploymentPostprocessing = 0;
		};
/* End PBXCopyFilesBuildPhase section */

/* Begin PBXFileReference section */
		6AA4F843306CB56A00EAB927 /* Guldr.app */ = {isa = PBXFileReference; explicitFileType = wrapper.application; includeInIndex = 0; path = Guldr.app; sourceTree = BUILT_PRODUCTS_DIR; };
		6AA4F850306CB56B00EAB927 /* GuldrTests.xctest */ = {isa = PBXFileReference; explicitFileType = wrapper.cfbundle; includeInIndex = 0; path = GuldrTests.xctest; sourceTree = BUILT_PRODUCTS_DIR; };
		6ACFE80F30707FE3008F58E8 /* GuldrWidgetExtension.appex */ = {isa = PBXFileReference; explicitFileType = "wrapper.app-extension"; includeInIndex = 0; path = GuldrWidgetExtension.appex; sourceTree = BUILT_PRODUCTS_DIR; };
		6ACFE81130707FE3008F58E8 /* WidgetKit.framework */ = {isa = PBXFileReference; lastKnownFileType = wrapper.framework; name = WidgetKit.framework; path = System/Library/Frameworks/WidgetKit.framework; sourceTree = SDKROOT; };
		6ACFE81330707FE3008F58E8 /* SwiftUI.framework */ = {isa = PBXFileReference; lastKnownFileType = wrapper.framework; name = SwiftUI.framework; path = System/Library/Frameworks/SwiftUI.framework; sourceTree = SDKROOT; };
		6ACFE8363070B96E008F58E8 /* GuldrWidgetExtension.entitlements */ = {isa = PBXFileReference; lastKnownFileType = text.plist.entitlements; path = GuldrWidgetExtension.entitlements; sourceTree = "<group>"; };
		6ACFE8393071C1CF008F58E8 /* Debug.xcconfig */ = {isa = PBXFileReference; lastKnownFileType = text.xcconfig; path = Debug.xcconfig; sourceTree = "<group>"; };
		6ACFE83A3071C1CF008F58E8 /* Release.xcconfig */ = {isa = PBXFileReference; lastKnownFileType = text.xcconfig; path = Release.xcconfig; sourceTree = "<group>"; };
		6ACFE83B3071C1CF008F58E8 /* Shared.xcconfig */ = {isa = PBXFileReference; lastKnownFileType = text.xcconfig; path = Shared.xcconfig; sourceTree = "<group>"; };
/* End PBXFileReference section */

/* Begin PBXFileSystemSynchronizedBuildFileExceptionSet section */
		6ACFE82030707FE5008F58E8 /* Exceptions for "GuldrWidget" folder in "GuldrWidgetExtension" target */ = {
			isa = PBXFileSystemSynchronizedBuildFileExceptionSet;
			membershipExceptions = (
				Info.plist,
			);
			target = 6ACFE80E30707FE3008F58E8 /* GuldrWidgetExtension */;
		};
		6ACFE838307168C0008F58E8 /* Exceptions for "Guldr" folder in "Guldr" target */ = {
			isa = PBXFileSystemSynchronizedBuildFileExceptionSet;
			membershipExceptions = (
				Info.plist,
			);
			target = 6AA4F842306CB56A00EAB927 /* Guldr */;
		};
		6ACFE8683071F9F8008F58E8 /* Exceptions for "Guldr" folder in "GuldrWidgetExtension" target */ = {
			isa = PBXFileSystemSynchronizedBuildFileExceptionSet;
			membershipExceptions = (
				Resources/GuldrColors.xcassets,
			);
			target = 6ACFE80E30707FE3008F58E8 /* GuldrWidgetExtension */;
		};
/* End PBXFileSystemSynchronizedBuildFileExceptionSet section */

/* Begin PBXFileSystemSynchronizedRootGroup section */
		6AA4F845306CB56A00EAB927 /* Guldr */ = {
			isa = PBXFileSystemSynchronizedRootGroup;
			exceptions = (
				6ACFE838307168C0008F58E8 /* Exceptions for "Guldr" folder in "Guldr" target */,
				6ACFE8683071F9F8008F58E8 /* Exceptions for "Guldr" folder in "GuldrWidgetExtension" target */,
			);
			path = Guldr;
			sourceTree = "<group>";
		};
		6AA4F853306CB56B00EAB927 /* GuldrTests */ = {
			isa = PBXFileSystemSynchronizedRootGroup;
			path = GuldrTests;
			sourceTree = "<group>";
		};
		6ACFE81530707FE3008F58E8 /* GuldrWidget */ = {
			isa = PBXFileSystemSynchronizedRootGroup;
			exceptions = (
				6ACFE82030707FE5008F58E8 /* Exceptions for "GuldrWidget" folder in "GuldrWidgetExtension" target */,
			);
			path = GuldrWidget;
			sourceTree = "<group>";
		};
/* End PBXFileSystemSynchronizedRootGroup section */

/* Begin PBXFrameworksBuildPhase section */
		6AA4F840306CB56A00EAB927 /* Frameworks */ = {
			isa = PBXFrameworksBuildPhase;
			buildActionMask = 2147483647;
			files = (
				6ACFE8EB3072E1D8008F58E8 /* GuldrCore in Frameworks */,
			);
			runOnlyForDeploymentPostprocessing = 0;
		};
		6AA4F84D306CB56B00EAB927 /* Frameworks */ = {
			isa = PBXFrameworksBuildPhase;
			buildActionMask = 2147483647;
			files = (
			);
			runOnlyForDeploymentPostprocessing = 0;
		};
		6ACFE80C30707FE3008F58E8 /* Frameworks */ = {
			isa = PBXFrameworksBuildPhase;
			buildActionMask = 2147483647;
			files = (
				6ACFE81430707FE3008F58E8 /* SwiftUI.framework in Frameworks */,
				6ACFE8ED3072E206008F58E8 /* GuldrCore in Frameworks */,
				6ACFE81230707FE3008F58E8 /* WidgetKit.framework in Frameworks */,
			);
			runOnlyForDeploymentPostprocessing = 0;
		};
/* End PBXFrameworksBuildPhase section */

/* Begin PBXGroup section */
		6AA4F83A306CB56A00EAB927 = {
			isa = PBXGroup;
			children = (
				6ACFE83C3071C1CF008F58E8 /* Config */,
				6ACFE8363070B96E008F58E8 /* GuldrWidgetExtension.entitlements */,
				6AA4F845306CB56A00EAB927 /* Guldr */,
				6AA4F853306CB56B00EAB927 /* GuldrTests */,
				6ACFE81530707FE3008F58E8 /* GuldrWidget */,
				6ACFE81030707FE3008F58E8 /* Frameworks */,
				6AA4F844306CB56A00EAB927 /* Products */,
			);
			sourceTree = "<group>";
		};
		6AA4F844306CB56A00EAB927 /* Products */ = {
			isa = PBXGroup;
			children = (
				6AA4F843306CB56A00EAB927 /* Guldr.app */,
				6AA4F850306CB56B00EAB927 /* GuldrTests.xctest */,
				6ACFE80F30707FE3008F58E8 /* GuldrWidgetExtension.appex */,
			);
			name = Products;
			sourceTree = "<group>";
		};
		6ACFE81030707FE3008F58E8 /* Frameworks */ = {
			isa = PBXGroup;
			children = (
				6ACFE81130707FE3008F58E8 /* WidgetKit.framework */,
				6ACFE81330707FE3008F58E8 /* SwiftUI.framework */,
			);
			name = Frameworks;
			sourceTree = "<group>";
		};
		6ACFE83C3071C1CF008F58E8 /* Config */ = {
			isa = PBXGroup;
			children = (
				6ACFE8393071C1CF008F58E8 /* Debug.xcconfig */,
				6ACFE83A3071C1CF008F58E8 /* Release.xcconfig */,
				6ACFE83B3071C1CF008F58E8 /* Shared.xcconfig */,
			);
			path = Config;
			sourceTree = "<group>";
		};
/* End PBXGroup section */

/* Begin PBXNativeTarget section */
		6AA4F842306CB56A00EAB927 /* Guldr */ = {
			isa = PBXNativeTarget;
			buildConfigurationList = 6AA4F862306CB56C00EAB927 /* Build configuration list for PBXNativeTarget "Guldr" */;
			buildPhases = (
				6AA4F83F306CB56A00EAB927 /* Sources */,
				6AA4F840306CB56A00EAB927 /* Frameworks */,
				6AA4F841306CB56A00EAB927 /* Resources */,
				6ACFE82430707FE5008F58E8 /* Embed Foundation Extensions */,
			);
			buildRules = (
			);
			dependencies = (
				6ACFE8C630723CA5008F58E8 /* PBXTargetDependency */,
				6ACFE81E30707FE5008F58E8 /* PBXTargetDependency */,
			);
			fileSystemSynchronizedGroups = (
				6AA4F845306CB56A00EAB927 /* Guldr */,
			);
			name = Guldr;
			packageProductDependencies = (
				6ACFE8EA3072E1D8008F58E8 /* GuldrCore */,
			);
			productName = Guldr;
			productReference = 6AA4F843306CB56A00EAB927 /* Guldr.app */;
			productType = "com.apple.product-type.application";
		};
		6AA4F84F306CB56B00EAB927 /* GuldrTests */ = {
			isa = PBXNativeTarget;
			buildConfigurationList = 6AA4F865306CB56C00EAB927 /* Build configuration list for PBXNativeTarget "GuldrTests" */;
			buildPhases = (
				6AA4F84C306CB56B00EAB927 /* Sources */,
				6AA4F84D306CB56B00EAB927 /* Frameworks */,
				6AA4F84E306CB56B00EAB927 /* Resources */,
			);
			buildRules = (
			);
			dependencies = (
				6ACFE8CA30723CD6008F58E8 /* PBXTargetDependency */,
				6AA4F852306CB56B00EAB927 /* PBXTargetDependency */,
			);
			fileSystemSynchronizedGroups = (
				6AA4F853306CB56B00EAB927 /* GuldrTests */,
			);
			name = GuldrTests;
			packageProductDependencies = (
			);
			productName = GuldrTests;
			productReference = 6AA4F850306CB56B00EAB927 /* GuldrTests.xctest */;
			productType = "com.apple.product-type.bundle.unit-test";
		};
		6ACFE80E30707FE3008F58E8 /* GuldrWidgetExtension */ = {
			isa = PBXNativeTarget;
			buildConfigurationList = 6ACFE82130707FE5008F58E8 /* Build configuration list for PBXNativeTarget "GuldrWidgetExtension" */;
			buildPhases = (
				6ACFE80B30707FE3008F58E8 /* Sources */,
				6ACFE80C30707FE3008F58E8 /* Frameworks */,
				6ACFE80D30707FE3008F58E8 /* Resources */,
			);
			buildRules = (
			);
			dependencies = (
				6ACFE8C830723CB2008F58E8 /* PBXTargetDependency */,
			);
			fileSystemSynchronizedGroups = (
				6ACFE81530707FE3008F58E8 /* GuldrWidget */,
			);
			name = GuldrWidgetExtension;
			packageProductDependencies = (
				6ACFE8EC3072E206008F58E8 /* GuldrCore */,
			);
			productName = GuldrWidgetExtension;
			productReference = 6ACFE80F30707FE3008F58E8 /* GuldrWidgetExtension.appex */;
			productType = "com.apple.product-type.app-extension";
		};
/* End PBXNativeTarget section */

/* Begin PBXProject section */
		6AA4F83B306CB56A00EAB927 /* Project object */ = {
			isa = PBXProject;
			attributes = {
				BuildIndependentTargetsInParallel = 1;
				LastSwiftUpdateCheck = 2700;
				LastUpgradeCheck = 2700;
				TargetAttributes = {
					6AA4F842306CB56A00EAB927 = {
						CreatedOnToolsVersion = 27.0;
					};
					6AA4F84F306CB56B00EAB927 = {
						CreatedOnToolsVersion = 27.0;
						TestTargetID = 6AA4F842306CB56A00EAB927;
					};
					6ACFE80E30707FE3008F58E8 = {
						CreatedOnToolsVersion = 27.0;
					};
				};
			};
			buildConfigurationList = 6AA4F83E306CB56A00EAB927 /* Build configuration list for PBXProject "Guldr" */;
			developmentRegion = en;
			hasScannedForEncodings = 0;
			knownRegions = (
				en,
				Base,
				es,
			);
			mainGroup = 6AA4F83A306CB56A00EAB927;
			packageReferences = (
				6ACFE8C430723C0F008F58E8 /* XCRemoteSwiftPackageReference "SwiftLintPlugins" */,
				6ACFE8E93072E1D8008F58E8 /* XCLocalSwiftPackageReference "Packages/GuldrCore" */,
			);
			preferredProjectObjectVersion = 77;
			productRefGroup = 6AA4F844306CB56A00EAB927 /* Products */;
			projectDirPath = "";
			projectRoot = "";
			targets = (
				6AA4F842306CB56A00EAB927 /* Guldr */,
				6AA4F84F306CB56B00EAB927 /* GuldrTests */,
				6ACFE80E30707FE3008F58E8 /* GuldrWidgetExtension */,
			);
		};
/* End PBXProject section */

/* Begin PBXResourcesBuildPhase section */
		6AA4F841306CB56A00EAB927 /* Resources */ = {
			isa = PBXResourcesBuildPhase;
			buildActionMask = 2147483647;
			files = (
			);
			runOnlyForDeploymentPostprocessing = 0;
		};
		6AA4F84E306CB56B00EAB927 /* Resources */ = {
			isa = PBXResourcesBuildPhase;
			buildActionMask = 2147483647;
			files = (
			);
			runOnlyForDeploymentPostprocessing = 0;
		};
		6ACFE80D30707FE3008F58E8 /* Resources */ = {
			isa = PBXResourcesBuildPhase;
			buildActionMask = 2147483647;
			files = (
			);
			runOnlyForDeploymentPostprocessing = 0;
		};
/* End PBXResourcesBuildPhase section */

/* Begin PBXSourcesBuildPhase section */
		6AA4F83F306CB56A00EAB927 /* Sources */ = {
			isa = PBXSourcesBuildPhase;
			buildActionMask = 2147483647;
			files = (
			);
			runOnlyForDeploymentPostprocessing = 0;
		};
		6AA4F84C306CB56B00EAB927 /* Sources */ = {
			isa = PBXSourcesBuildPhase;
			buildActionMask = 2147483647;
			files = (
			);
			runOnlyForDeploymentPostprocessing = 0;
		};
		6ACFE80B30707FE3008F58E8 /* Sources */ = {
			isa = PBXSourcesBuildPhase;
			buildActionMask = 2147483647;
			files = (
			);
			runOnlyForDeploymentPostprocessing = 0;
		};
/* End PBXSourcesBuildPhase section */

/* Begin PBXTargetDependency section */
		6AA4F852306CB56B00EAB927 /* PBXTargetDependency */ = {
			isa = PBXTargetDependency;
			target = 6AA4F842306CB56A00EAB927 /* Guldr */;
			targetProxy = 6AA4F851306CB56B00EAB927 /* PBXContainerItemProxy */;
		};
		6ACFE81E30707FE5008F58E8 /* PBXTargetDependency */ = {
			isa = PBXTargetDependency;
			target = 6ACFE80E30707FE3008F58E8 /* GuldrWidgetExtension */;
			targetProxy = 6ACFE81D30707FE5008F58E8 /* PBXContainerItemProxy */;
		};
		6ACFE8C630723CA5008F58E8 /* PBXTargetDependency */ = {
			isa = PBXTargetDependency;
			productRef = 6ACFE8C530723CA5008F58E8 /* SwiftLintBuildToolPlugin */;
		};
		6ACFE8C830723CB2008F58E8 /* PBXTargetDependency */ = {
			isa = PBXTargetDependency;
			productRef = 6ACFE8C730723CB2008F58E8 /* SwiftLintBuildToolPlugin */;
		};
		6ACFE8CA30723CD6008F58E8 /* PBXTargetDependency */ = {
			isa = PBXTargetDependency;
			productRef = 6ACFE8C930723CD6008F58E8 /* SwiftLintBuildToolPlugin */;
		};
/* End PBXTargetDependency section */

/* Begin XCBuildConfiguration section */
		6AA4F860306CB56C00EAB927 /* Debug */ = {
			isa = XCBuildConfiguration;
			baseConfigurationReference = 6ACFE8393071C1CF008F58E8 /* Debug.xcconfig */;
			buildSettings = {
				ALWAYS_SEARCH_USER_PATHS = NO;
				ASSETCATALOG_COMPILER_GENERATE_SWIFT_ASSET_SYMBOL_EXTENSIONS = YES;
				CLANG_ANALYZER_NONNULL = YES;
				CLANG_ANALYZER_NUMBER_OBJECT_CONVERSION = YES_AGGRESSIVE;
				CLANG_CXX_LANGUAGE_STANDARD = "gnu++20";
				CLANG_ENABLE_MODULES = YES;
				CLANG_ENABLE_OBJC_ARC = YES;
				CLANG_ENABLE_OBJC_WEAK = YES;
				CLANG_WARN_BLOCK_CAPTURE_AUTORELEASING = YES;
				CLANG_WARN_BOOL_CONVERSION = YES;
				CLANG_WARN_COMMA = YES;
				CLANG_WARN_CONSTANT_CONVERSION = YES;
				CLANG_WARN_DEPRECATED_OBJC_IMPLEMENTATIONS = YES;
				CLANG_WARN_DIRECT_OBJC_ISA_USAGE = YES_ERROR;
				CLANG_WARN_DOCUMENTATION_COMMENTS = YES;
				CLANG_WARN_EMPTY_BODY = YES;
				CLANG_WARN_ENUM_CONVERSION = YES;
				CLANG_WARN_INFINITE_RECURSION = YES;
				CLANG_WARN_INT_CONVERSION = YES;
				CLANG_WARN_NON_LITERAL_NULL_CONVERSION = YES;
				CLANG_WARN_OBJC_IMPLICIT_RETAIN_SELF = YES;
				CLANG_WARN_OBJC_LITERAL_CONVERSION = YES;
				CLANG_WARN_OBJC_ROOT_CLASS = YES_ERROR;
				CLANG_WARN_QUOTED_INCLUDE_IN_FRAMEWORK_HEADER = YES;
				CLANG_WARN_RANGE_LOOP_ANALYSIS = YES;
				CLANG_WARN_STRICT_PROTOTYPES = YES;
				CLANG_WARN_SUSPICIOUS_MOVE = YES;
				CLANG_WARN_UNGUARDED_AVAILABILITY = YES_AGGRESSIVE;
				CLANG_WARN_UNREACHABLE_CODE = YES;
				CLANG_WARN__DUPLICATE_METHOD_MATCH = YES;
				COPY_PHASE_STRIP = NO;
				DEBUG_INFORMATION_FORMAT = dwarf;
				DEVELOPMENT_TEAM = XRC983479Z;
				ENABLE_STRICT_OBJC_MSGSEND = YES;
				ENABLE_TESTABILITY = YES;
				ENABLE_USER_SCRIPT_SANDBOXING = YES;
				GCC_C_LANGUAGE_STANDARD = gnu17;
				GCC_DYNAMIC_NO_PIC = NO;
				GCC_NO_COMMON_BLOCKS = YES;
				GCC_OPTIMIZATION_LEVEL = 0;
				GCC_PREPROCESSOR_DEFINITIONS = (
					"DEBUG=1",
					"$(inherited)",
				);
				GCC_WARN_64_TO_32_BIT_CONVERSION = YES;
				GCC_WARN_ABOUT_RETURN_TYPE = YES_ERROR;
				GCC_WARN_UNDECLARED_SELECTOR = YES;
				GCC_WARN_UNINITIALIZED_AUTOS = YES_AGGRESSIVE;
				GCC_WARN_UNUSED_FUNCTION = YES;
				GCC_WARN_UNUSED_VARIABLE = YES;
				LOCALIZATION_PREFERS_STRING_CATALOGS = YES;
				MTL_ENABLE_DEBUG_INFO = INCLUDE_SOURCE;
				MTL_FAST_MATH = YES;
				ONLY_ACTIVE_ARCH = YES;
				SDKROOT = iphoneos;
				SWIFT_ACTIVE_COMPILATION_CONDITIONS = "DEBUG $(inherited)";
				SWIFT_OPTIMIZATION_LEVEL = "-Onone";
			};
			name = Debug;
		};
		6AA4F861306CB56C00EAB927 /* Release */ = {
			isa = XCBuildConfiguration;
			baseConfigurationReference = 6ACFE83A3071C1CF008F58E8 /* Release.xcconfig */;
			buildSettings = {
				ALWAYS_SEARCH_USER_PATHS = NO;
				ASSETCATALOG_COMPILER_GENERATE_SWIFT_ASSET_SYMBOL_EXTENSIONS = YES;
				CLANG_ANALYZER_NONNULL = YES;
				CLANG_ANALYZER_NUMBER_OBJECT_CONVERSION = YES_AGGRESSIVE;
				CLANG_CXX_LANGUAGE_STANDARD = "gnu++20";
				CLANG_ENABLE_MODULES = YES;
				CLANG_ENABLE_OBJC_ARC = YES;
				CLANG_ENABLE_OBJC_WEAK = YES;
				CLANG_WARN_BLOCK_CAPTURE_AUTORELEASING = YES;
				CLANG_WARN_BOOL_CONVERSION = YES;
				CLANG_WARN_COMMA = YES;
				CLANG_WARN_CONSTANT_CONVERSION = YES;
				CLANG_WARN_DEPRECATED_OBJC_IMPLEMENTATIONS = YES;
				CLANG_WARN_DIRECT_OBJC_ISA_USAGE = YES_ERROR;
				CLANG_WARN_DOCUMENTATION_COMMENTS = YES;
				CLANG_WARN_EMPTY_BODY = YES;
				CLANG_WARN_ENUM_CONVERSION = YES;
				CLANG_WARN_INFINITE_RECURSION = YES;
				CLANG_WARN_INT_CONVERSION = YES;
				CLANG_WARN_NON_LITERAL_NULL_CONVERSION = YES;
				CLANG_WARN_OBJC_IMPLICIT_RETAIN_SELF = YES;
				CLANG_WARN_OBJC_LITERAL_CONVERSION = YES;
				CLANG_WARN_OBJC_ROOT_CLASS = YES_ERROR;
				CLANG_WARN_QUOTED_INCLUDE_IN_FRAMEWORK_HEADER = YES;
				CLANG_WARN_RANGE_LOOP_ANALYSIS = YES;
				CLANG_WARN_STRICT_PROTOTYPES = YES;
				CLANG_WARN_SUSPICIOUS_MOVE = YES;
				CLANG_WARN_UNGUARDED_AVAILABILITY = YES_AGGRESSIVE;
				CLANG_WARN_UNREACHABLE_CODE = YES;
				CLANG_WARN__DUPLICATE_METHOD_MATCH = YES;
				COPY_PHASE_STRIP = NO;
				DEBUG_INFORMATION_FORMAT = "dwarf-with-dsym";
				DEVELOPMENT_TEAM = XRC983479Z;
				ENABLE_NS_ASSERTIONS = NO;
				ENABLE_STRICT_OBJC_MSGSEND = YES;
				ENABLE_USER_SCRIPT_SANDBOXING = YES;
				GCC_C_LANGUAGE_STANDARD = gnu17;
				GCC_NO_COMMON_BLOCKS = YES;
				GCC_WARN_64_TO_32_BIT_CONVERSION = YES;
				GCC_WARN_ABOUT_RETURN_TYPE = YES_ERROR;
				GCC_WARN_UNDECLARED_SELECTOR = YES;
				GCC_WARN_UNINITIALIZED_AUTOS = YES_AGGRESSIVE;
				GCC_WARN_UNUSED_FUNCTION = YES;
				GCC_WARN_UNUSED_VARIABLE = YES;
				LOCALIZATION_PREFERS_STRING_CATALOGS = YES;
				MTL_ENABLE_DEBUG_INFO = NO;
				MTL_FAST_MATH = YES;
				SDKROOT = iphoneos;
				SWIFT_COMPILATION_MODE = wholemodule;
				VALIDATE_PRODUCT = YES;
			};
			name = Release;
		};
		6AA4F863306CB56C00EAB927 /* Debug */ = {
			isa = XCBuildConfiguration;
			buildSettings = {
				ASSETCATALOG_COMPILER_APPICON_NAME = Guldr;
				ASSETCATALOG_COMPILER_GLOBAL_ACCENT_COLOR_NAME = AccentColor;
				CODE_SIGN_ENTITLEMENTS = Guldr/Guldr.entitlements;
				CODE_SIGN_STYLE = Automatic;
				DEVELOPMENT_TEAM = XRC983479Z;
				ENABLE_PREVIEWS = YES;
				GENERATE_INFOPLIST_FILE = YES;
				INFOPLIST_FILE = Guldr/Info.plist;
				INFOPLIST_KEY_NSFaceIDUsageDescription = "Guldr uses Face ID to keep your financial data private.";
				INFOPLIST_KEY_UIApplicationSceneManifest_Generation = YES;
				INFOPLIST_KEY_UIApplicationSupportsIndirectInputEvents = YES;
				INFOPLIST_KEY_UILaunchScreen_Generation = YES;
				INFOPLIST_KEY_UISupportedInterfaceOrientations = UIInterfaceOrientationPortrait;
				INFOPLIST_KEY_UISupportedInterfaceOrientations_iPad = "UIInterfaceOrientationLandscapeLeft UIInterfaceOrientationLandscapeRight UIInterfaceOrientationPortrait UIInterfaceOrientationPortraitUpsideDown";
				LD_RUNPATH_SEARCH_PATHS = (
					"$(inherited)",
					"@executable_path/Frameworks",
				);
				PRODUCT_BUNDLE_IDENTIFIER = com.argudev.guldr;
				PRODUCT_NAME = "$(TARGET_NAME)";
				REGISTER_APP_GROUPS = YES;
				STRING_CATALOG_GENERATE_SYMBOLS = YES;
				SUPPORTED_PLATFORMS = "iphoneos iphonesimulator";
				SUPPORTS_MACCATALYST = NO;
				SUPPORTS_MAC_DESIGNED_FOR_IPHONE_IPAD = NO;
				SUPPORTS_XR_DESIGNED_FOR_IPHONE_IPAD = NO;
				SWIFT_APPROACHABLE_CONCURRENCY = YES;
				SWIFT_DEFAULT_ACTOR_ISOLATION = MainActor;
				SWIFT_EMIT_LOC_STRINGS = YES;
				SWIFT_UPCOMING_FEATURE_MEMBER_IMPORT_VISIBILITY = YES;
				SWIFT_VERSION = 6.0;
				TARGETED_DEVICE_FAMILY = 1;
			};
			name = Debug;
		};
		6AA4F864306CB56C00EAB927 /* Release */ = {
			isa = XCBuildConfiguration;
			buildSettings = {
				ASSETCATALOG_COMPILER_APPICON_NAME = Guldr;
				ASSETCATALOG_COMPILER_GLOBAL_ACCENT_COLOR_NAME = AccentColor;
				CODE_SIGN_ENTITLEMENTS = Guldr/Guldr.entitlements;
				CODE_SIGN_STYLE = Automatic;
				DEVELOPMENT_TEAM = XRC983479Z;
				ENABLE_PREVIEWS = YES;
				GENERATE_INFOPLIST_FILE = YES;
				INFOPLIST_FILE = Guldr/Info.plist;
				INFOPLIST_KEY_NSFaceIDUsageDescription = "Guldr uses Face ID to keep your financial data private.";
				INFOPLIST_KEY_UIApplicationSceneManifest_Generation = YES;
				INFOPLIST_KEY_UIApplicationSupportsIndirectInputEvents = YES;
				INFOPLIST_KEY_UILaunchScreen_Generation = YES;
				INFOPLIST_KEY_UISupportedInterfaceOrientations = UIInterfaceOrientationPortrait;
				INFOPLIST_KEY_UISupportedInterfaceOrientations_iPad = "UIInterfaceOrientationLandscapeLeft UIInterfaceOrientationLandscapeRight UIInterfaceOrientationPortrait UIInterfaceOrientationPortraitUpsideDown";
				LD_RUNPATH_SEARCH_PATHS = (
					"$(inherited)",
					"@executable_path/Frameworks",
				);
				PRODUCT_BUNDLE_IDENTIFIER = com.argudev.guldr;
				PRODUCT_NAME = "$(TARGET_NAME)";
				REGISTER_APP_GROUPS = YES;
				STRING_CATALOG_GENERATE_SYMBOLS = YES;
				SUPPORTED_PLATFORMS = "iphoneos iphonesimulator";
				SUPPORTS_MACCATALYST = NO;
				SUPPORTS_MAC_DESIGNED_FOR_IPHONE_IPAD = NO;
				SUPPORTS_XR_DESIGNED_FOR_IPHONE_IPAD = NO;
				SWIFT_APPROACHABLE_CONCURRENCY = YES;
				SWIFT_DEFAULT_ACTOR_ISOLATION = MainActor;
				SWIFT_EMIT_LOC_STRINGS = YES;
				SWIFT_UPCOMING_FEATURE_MEMBER_IMPORT_VISIBILITY = YES;
				SWIFT_VERSION = 6.0;
				TARGETED_DEVICE_FAMILY = 1;
			};
			name = Release;
		};
		6AA4F866306CB56C00EAB927 /* Debug */ = {
			isa = XCBuildConfiguration;
			buildSettings = {
				BUNDLE_LOADER = "$(TEST_HOST)";
				CODE_SIGN_STYLE = Automatic;
				DEVELOPMENT_TEAM = XRC983479Z;
				GENERATE_INFOPLIST_FILE = YES;
				PRODUCT_BUNDLE_IDENTIFIER = com.argudev.GuldrTests;
				PRODUCT_NAME = "$(TARGET_NAME)";
				STRING_CATALOG_GENERATE_SYMBOLS = NO;
				SUPPORTED_PLATFORMS = "iphoneos iphonesimulator";
				SUPPORTS_MACCATALYST = NO;
				SUPPORTS_MAC_DESIGNED_FOR_IPHONE_IPAD = NO;
				SUPPORTS_XR_DESIGNED_FOR_IPHONE_IPAD = NO;
				SWIFT_APPROACHABLE_CONCURRENCY = YES;
				SWIFT_DEFAULT_ACTOR_ISOLATION = MainActor;
				SWIFT_EMIT_LOC_STRINGS = NO;
				SWIFT_UPCOMING_FEATURE_MEMBER_IMPORT_VISIBILITY = YES;
				SWIFT_VERSION = 6.0;
				TARGETED_DEVICE_FAMILY = 1;
				TEST_HOST = "$(BUILT_PRODUCTS_DIR)/Guldr.app/$(BUNDLE_EXECUTABLE_FOLDER_PATH)/Guldr";
			};
			name = Debug;
		};
		6AA4F867306CB56C00EAB927 /* Release */ = {
			isa = XCBuildConfiguration;
			buildSettings = {
				BUNDLE_LOADER = "$(TEST_HOST)";
				CODE_SIGN_STYLE = Automatic;
				DEVELOPMENT_TEAM = XRC983479Z;
				GENERATE_INFOPLIST_FILE = YES;
				PRODUCT_BUNDLE_IDENTIFIER = com.argudev.GuldrTests;
				PRODUCT_NAME = "$(TARGET_NAME)";
				STRING_CATALOG_GENERATE_SYMBOLS = NO;
				SUPPORTED_PLATFORMS = "iphoneos iphonesimulator";
				SUPPORTS_MACCATALYST = NO;
				SUPPORTS_MAC_DESIGNED_FOR_IPHONE_IPAD = NO;
				SUPPORTS_XR_DESIGNED_FOR_IPHONE_IPAD = NO;
				SWIFT_APPROACHABLE_CONCURRENCY = YES;
				SWIFT_DEFAULT_ACTOR_ISOLATION = MainActor;
				SWIFT_EMIT_LOC_STRINGS = NO;
				SWIFT_UPCOMING_FEATURE_MEMBER_IMPORT_VISIBILITY = YES;
				SWIFT_VERSION = 6.0;
				TARGETED_DEVICE_FAMILY = 1;
				TEST_HOST = "$(BUILT_PRODUCTS_DIR)/Guldr.app/$(BUNDLE_EXECUTABLE_FOLDER_PATH)/Guldr";
			};
			name = Release;
		};
		6ACFE82230707FE5008F58E8 /* Debug */ = {
			isa = XCBuildConfiguration;
			buildSettings = {
				ASSETCATALOG_COMPILER_GLOBAL_ACCENT_COLOR_NAME = AccentColor;
				ASSETCATALOG_COMPILER_WIDGET_BACKGROUND_COLOR_NAME = WidgetBackground;
				CODE_SIGN_ENTITLEMENTS = GuldrWidgetExtension.entitlements;
				CODE_SIGN_STYLE = Automatic;
				DEVELOPMENT_TEAM = XRC983479Z;
				GENERATE_INFOPLIST_FILE = YES;
				INFOPLIST_FILE = GuldrWidget/Info.plist;
				INFOPLIST_KEY_CFBundleDisplayName = GuldrWidget;
				INFOPLIST_KEY_NSHumanReadableCopyright = "";
				LD_RUNPATH_SEARCH_PATHS = (
					"$(inherited)",
					"@executable_path/Frameworks",
					"@executable_path/../../Frameworks",
				);
				PRODUCT_BUNDLE_IDENTIFIER = com.argudev.guldr.widget;
				PRODUCT_NAME = "$(TARGET_NAME)";
				REGISTER_APP_GROUPS = YES;
				SKIP_INSTALL = YES;
				STRING_CATALOG_GENERATE_SYMBOLS = YES;
				SUPPORTED_PLATFORMS = "iphoneos iphonesimulator";
				SUPPORTS_MACCATALYST = NO;
				SUPPORTS_MAC_DESIGNED_FOR_IPHONE_IPAD = NO;
				SUPPORTS_XR_DESIGNED_FOR_IPHONE_IPAD = NO;
				SWIFT_APPROACHABLE_CONCURRENCY = YES;
				SWIFT_DEFAULT_ACTOR_ISOLATION = MainActor;
				SWIFT_EMIT_LOC_STRINGS = YES;
				SWIFT_UPCOMING_FEATURE_MEMBER_IMPORT_VISIBILITY = YES;
				SWIFT_VERSION = 6.0;
				TARGETED_DEVICE_FAMILY = 1;
			};
			name = Debug;
		};
		6ACFE82330707FE5008F58E8 /* Release */ = {
			isa = XCBuildConfiguration;
			buildSettings = {
				ASSETCATALOG_COMPILER_GLOBAL_ACCENT_COLOR_NAME = AccentColor;
				ASSETCATALOG_COMPILER_WIDGET_BACKGROUND_COLOR_NAME = WidgetBackground;
				CODE_SIGN_ENTITLEMENTS = GuldrWidgetExtension.entitlements;
				CODE_SIGN_STYLE = Automatic;
				DEVELOPMENT_TEAM = XRC983479Z;
				GENERATE_INFOPLIST_FILE = YES;
				INFOPLIST_FILE = GuldrWidget/Info.plist;
				INFOPLIST_KEY_CFBundleDisplayName = GuldrWidget;
				INFOPLIST_KEY_NSHumanReadableCopyright = "";
				LD_RUNPATH_SEARCH_PATHS = (
					"$(inherited)",
					"@executable_path/Frameworks",
					"@executable_path/../../Frameworks",
				);
				PRODUCT_BUNDLE_IDENTIFIER = com.argudev.guldr.widget;
				PRODUCT_NAME = "$(TARGET_NAME)";
				REGISTER_APP_GROUPS = YES;
				SKIP_INSTALL = YES;
				STRING_CATALOG_GENERATE_SYMBOLS = YES;
				SUPPORTED_PLATFORMS = "iphoneos iphonesimulator";
				SUPPORTS_MACCATALYST = NO;
				SUPPORTS_MAC_DESIGNED_FOR_IPHONE_IPAD = NO;
				SUPPORTS_XR_DESIGNED_FOR_IPHONE_IPAD = NO;
				SWIFT_APPROACHABLE_CONCURRENCY = YES;
				SWIFT_DEFAULT_ACTOR_ISOLATION = MainActor;
				SWIFT_EMIT_LOC_STRINGS = YES;
				SWIFT_UPCOMING_FEATURE_MEMBER_IMPORT_VISIBILITY = YES;
				SWIFT_VERSION = 6.0;
				TARGETED_DEVICE_FAMILY = 1;
			};
			name = Release;
		};
/* End XCBuildConfiguration section */

/* Begin XCConfigurationList section */
		6AA4F83E306CB56A00EAB927 /* Build configuration list for PBXProject "Guldr" */ = {
			isa = XCConfigurationList;
			buildConfigurations = (
				6AA4F860306CB56C00EAB927 /* Debug */,
				6AA4F861306CB56C00EAB927 /* Release */,
			);
			defaultConfigurationIsVisible = 0;
			defaultConfigurationName = Release;
		};
		6AA4F862306CB56C00EAB927 /* Build configuration list for PBXNativeTarget "Guldr" */ = {
			isa = XCConfigurationList;
			buildConfigurations = (
				6AA4F863306CB56C00EAB927 /* Debug */,
				6AA4F864306CB56C00EAB927 /* Release */,
			);
			defaultConfigurationIsVisible = 0;
			defaultConfigurationName = Release;
		};
		6AA4F865306CB56C00EAB927 /* Build configuration list for PBXNativeTarget "GuldrTests" */ = {
			isa = XCConfigurationList;
			buildConfigurations = (
				6AA4F866306CB56C00EAB927 /* Debug */,
				6AA4F867306CB56C00EAB927 /* Release */,
			);
			defaultConfigurationIsVisible = 0;
			defaultConfigurationName = Release;
		};
		6ACFE82130707FE5008F58E8 /* Build configuration list for PBXNativeTarget "GuldrWidgetExtension" */ = {
			isa = XCConfigurationList;
			buildConfigurations = (
				6ACFE82230707FE5008F58E8 /* Debug */,
				6ACFE82330707FE5008F58E8 /* Release */,
			);
			defaultConfigurationIsVisible = 0;
			defaultConfigurationName = Release;
		};
/* End XCConfigurationList section */

/* Begin XCLocalSwiftPackageReference section */
		6ACFE8E93072E1D8008F58E8 /* XCLocalSwiftPackageReference "Packages/GuldrCore" */ = {
			isa = XCLocalSwiftPackageReference;
			relativePath = Packages/GuldrCore;
		};
/* End XCLocalSwiftPackageReference section */

/* Begin XCRemoteSwiftPackageReference section */
		6ACFE8C430723C0F008F58E8 /* XCRemoteSwiftPackageReference "SwiftLintPlugins" */ = {
			isa = XCRemoteSwiftPackageReference;
			repositoryURL = "https://github.com/SimplyDanny/SwiftLintPlugins";
			requirement = {
				kind = upToNextMajorVersion;
				minimumVersion = 0.65.1;
			};
		};
/* End XCRemoteSwiftPackageReference section */

/* Begin XCSwiftPackageProductDependency section */
		6ACFE8C530723CA5008F58E8 /* SwiftLintBuildToolPlugin */ = {
			isa = XCSwiftPackageProductDependency;
			package = 6ACFE8C430723C0F008F58E8 /* XCRemoteSwiftPackageReference "SwiftLintPlugins" */;
			productName = "plugin:SwiftLintBuildToolPlugin";
		};
		6ACFE8C730723CB2008F58E8 /* SwiftLintBuildToolPlugin */ = {
			isa = XCSwiftPackageProductDependency;
			package = 6ACFE8C430723C0F008F58E8 /* XCRemoteSwiftPackageReference "SwiftLintPlugins" */;
			productName = "plugin:SwiftLintBuildToolPlugin";
		};
		6ACFE8C930723CD6008F58E8 /* SwiftLintBuildToolPlugin */ = {
			isa = XCSwiftPackageProductDependency;
			package = 6ACFE8C430723C0F008F58E8 /* XCRemoteSwiftPackageReference "SwiftLintPlugins" */;
			productName = "plugin:SwiftLintBuildToolPlugin";
		};
		6ACFE8EA3072E1D8008F58E8 /* GuldrCore */ = {
			isa = XCSwiftPackageProductDependency;
			productName = GuldrCore;
		};
		6ACFE8EC3072E206008F58E8 /* GuldrCore */ = {
			isa = XCSwiftPackageProductDependency;
			package = 6ACFE8E93072E1D8008F58E8 /* XCLocalSwiftPackageReference "Packages/GuldrCore" */;
			productName = GuldrCore;
		};
/* End XCSwiftPackageProductDependency section */
	};
	rootObject = 6AA4F83B306CB56A00EAB927 /* Project object */;
}
